{
  "name": "@smip/ngx-sticky-sidebar",
  "version": "0.0.1",
  "lockfileVersion": 1,
  "requires": true,
  "dependencies": {
    "sticky-sidebar": {
      "version": "3.3.1",
      "resolved": "https://registry.npmjs.org/sticky-sidebar/-/sticky-sidebar-3.3.1.tgz",
      "integrity": "sha1-FCv2tkwrQW5LcH6/jwm4taUEOHc="
    }
  }
}
